
Microsoft Visual Studio Solution File, Format Version 12.00
# Visual Studio Version 17
VisualStudioVersion = 17.0.31919.166
MinimumVisualStudioVersion = 10.0.40219.1
Project("{FAE04EC0-301F-11D3-BF4B-00C04F79EFBC}") = "GameStore", "GameStore.csproj", "{308AD689-DA03-4557-BE92-00B832911A59}"
EndProject
Global
	GlobalSection(SolutionConfigurationPlatforms) = preSolution
		Debug|Any CPU = Debug|Any CPU
		Release|Any CPU = Release|Any CPU
	EndGlobalSection
	GlobalSection(ProjectConfigurationPlatforms) = postSolution
		{308AD689-DA03-4557-BE92-00B832911A59}.Debug|Any CPU.ActiveCfg = Debug|Any CPU
		{308AD689-DA03-4557-BE92-00B832911A59}.Debug|Any CPU.Build.0 = Debug|Any CPU
		{308AD689-DA03-4557-BE92-00B832911A59}.Release|Any CPU.ActiveCfg = Release|Any CPU
		{308AD689-DA03-4557-BE92-00B832911A59}.Release|Any CPU.Build.0 = Release|Any CPU
	EndGlobalSection
	GlobalSection(SolutionProperties) = preSolution
		HideSolutionNode = FALSE
	EndGlobalSection
	GlobalSection(ExtensibilityGlobals) = postSolution
		SolutionGuid = {7E1358C6-9E6F-4F79-8E2A-6E8898B7D239}
	EndGlobalSection
EndGlobal
